
Microsoft Visual Studio Solution File, Format Version 11.00
# Visual Studio 2010
Project("{8BC9CEB8-8B4A-11D0-8D11-00A0C91BC942}") = "Client", "Client.vcxproj", "{4415CDF6-2991-CC8E-EE3A-71BB48EA97E5}"
	ProjectSection(ProjectDependencies) = postProject
		{68DCA7C1-D29F-21D4-80C6-6E79690F6A60} = {68DCA7C1-D29F-21D4-80C6-6E79690F6A60}
		{E26483F4-B64F-3537-A2D8-37AB649482E8} = {E26483F4-B64F-3537-A2D8-37AB649482E8}
		{847965E2-0592-2088-E430-F14D44FDE0D9} = {847965E2-0592-2088-E430-F14D44FDE0D9}
		{147FBF55-49F2-647E-409F-F00A8220B5E0} = {147FBF55-49F2-647E-409F-F00A8220B5E0}
		{E427DDAE-BE47-C9DD-D1E6-A0C308BFC2B9} = {E427DDAE-BE47-C9DD-D1E6-A0C308BFC2B9}
	EndProjectSection
EndProject
Project("{8BC9CEB8-8B4A-11D0-8D11-00A0C91BC942}") = "D3DLib", "D3DLib\D3DLib.vcxproj", "{E26483F4-B64F-3537-A2D8-37AB649482E8}"
EndProject
Project("{8BC9CEB8-8B4A-11D0-8D11-00A0C91BC942}") = "DEUtil", "DEUtil\DEUtil.vcxproj", "{E427DDAE-BE47-C9DD-D1E6-A0C308BFC2B9}"
EndProject
Project("{8BC9CEB8-8B4A-11D0-8D11-00A0C91BC942}") = "DirectXLib", "DXLib\DXLib.vcxproj", "{68DCA7C1-D29F-21D4-80C6-6E79690F6A60}"
EndProject
Project("{8BC9CEB8-8B4A-11D0-8D11-00A0C91BC942}") = "FrameLib", "framelib\FrameLib.vcxproj", "{4D30C6BF-1967-35BF-B1A4-28E80E7EE450}"
EndProject
Project("{8BC9CEB8-8B4A-11D0-8D11-00A0C91BC942}") = "MZLib", "MZLib\MZLib.vcxproj", "{147FBF55-49F2-647E-409F-F00A8220B5E0}"
EndProject
Project("{8BC9CEB8-8B4A-11D0-8D11-00A0C91BC942}") = "Rar", "..\VS_UI\Rar.vcxproj", "{B5398834-67CB-7FB2-87A4-939F9A1ACA73}"
EndProject
Project("{8BC9CEB8-8B4A-11D0-8D11-00A0C91BC942}") = "SpriteLib", "SpriteLib\SpriteLib.vcxproj", "{4EF9DD7D-6F9B-16AA-C74E-C5D6573113E5}"
EndProject
Project("{8BC9CEB8-8B4A-11D0-8D11-00A0C91BC942}") = "VolumeLib", "VolumeLib\VolumeLib.vcxproj", "{847965E2-0592-2088-E430-F14D44FDE0D9}"
EndProject
Project("{8BC9CEB8-8B4A-11D0-8D11-00A0C91BC942}") = "WinLib", "WinLib\WinLib.vcxproj", "{BEBED7DF-9BDE-EE3E-94FF-4189BBCC9F65}"
EndProject
Project("{8BC9CEB8-8B4A-11D0-8D11-00A0C91BC942}") = "lib", "..\VS_UI\lib.vcxproj", "{4D7855A9-1AF6-1938-0B35-30815A7739E0}"
EndProject
Global
	GlobalSection(SolutionConfigurationPlatforms) = preSolution
		Debug|Any CPU = Debug|Any CPU
		Debug|Mixed Platforms = Debug|Mixed Platforms
		Debug|Win32 = Debug|Win32
		Release|Any CPU = Release|Any CPU
		Release|Mixed Platforms = Release|Mixed Platforms
		Release|Win32 = Release|Win32
		ReleaseLog|Any CPU = ReleaseLog|Any CPU
		ReleaseLog|Mixed Platforms = ReleaseLog|Mixed Platforms
		ReleaseLog|Win32 = ReleaseLog|Win32
		Template|Any CPU = Template|Any CPU
		Template|Mixed Platforms = Template|Mixed Platforms
		Template|Win32 = Template|Win32
	EndGlobalSection
	GlobalSection(ProjectConfigurationPlatforms) = postSolution
		{4415CDF6-2991-CC8E-EE3A-71BB48EA97E5}.Debug|Any CPU.ActiveCfg = Debug|Win32
		{4415CDF6-2991-CC8E-EE3A-71BB48EA97E5}.Debug|Mixed Platforms.ActiveCfg = Debug|Win32
		{4415CDF6-2991-CC8E-EE3A-71BB48EA97E5}.Debug|Mixed Platforms.Build.0 = Debug|Win32
		{4415CDF6-2991-CC8E-EE3A-71BB48EA97E5}.Debug|Win32.ActiveCfg = Debug|Win32
		{4415CDF6-2991-CC8E-EE3A-71BB48EA97E5}.Debug|Win32.Build.0 = Debug|Win32
		{4415CDF6-2991-CC8E-EE3A-71BB48EA97E5}.Release|Any CPU.ActiveCfg = Release|Win32
		{4415CDF6-2991-CC8E-EE3A-71BB48EA97E5}.Release|Mixed Platforms.ActiveCfg = Release|Win32
		{4415CDF6-2991-CC8E-EE3A-71BB48EA97E5}.Release|Mixed Platforms.Build.0 = Release|Win32
		{4415CDF6-2991-CC8E-EE3A-71BB48EA97E5}.Release|Win32.ActiveCfg = Release|Win32
		{4415CDF6-2991-CC8E-EE3A-71BB48EA97E5}.Release|Win32.Build.0 = Release|Win32
		{4415CDF6-2991-CC8E-EE3A-71BB48EA97E5}.ReleaseLog|Any CPU.ActiveCfg = ReleaseLog|Win32
		{4415CDF6-2991-CC8E-EE3A-71BB48EA97E5}.ReleaseLog|Mixed Platforms.ActiveCfg = ReleaseLog|Win32
		{4415CDF6-2991-CC8E-EE3A-71BB48EA97E5}.ReleaseLog|Mixed Platforms.Build.0 = ReleaseLog|Win32
		{4415CDF6-2991-CC8E-EE3A-71BB48EA97E5}.ReleaseLog|Win32.ActiveCfg = ReleaseLog|Win32
		{4415CDF6-2991-CC8E-EE3A-71BB48EA97E5}.ReleaseLog|Win32.Build.0 = ReleaseLog|Win32
		{4415CDF6-2991-CC8E-EE3A-71BB48EA97E5}.Template|Any CPU.ActiveCfg = Release|Win32
		{4415CDF6-2991-CC8E-EE3A-71BB48EA97E5}.Template|Mixed Platforms.ActiveCfg = Release|Win32
		{4415CDF6-2991-CC8E-EE3A-71BB48EA97E5}.Template|Mixed Platforms.Build.0 = Release|Win32
		{4415CDF6-2991-CC8E-EE3A-71BB48EA97E5}.Template|Win32.ActiveCfg = Release|Win32
		{4415CDF6-2991-CC8E-EE3A-71BB48EA97E5}.Template|Win32.Build.0 = Release|Win32
		{E26483F4-B64F-3537-A2D8-37AB649482E8}.Debug|Any CPU.ActiveCfg = Debug|Win32
		{E26483F4-B64F-3537-A2D8-37AB649482E8}.Debug|Mixed Platforms.ActiveCfg = Debug|Win32
		{E26483F4-B64F-3537-A2D8-37AB649482E8}.Debug|Mixed Platforms.Build.0 = Debug|Win32
		{E26483F4-B64F-3537-A2D8-37AB649482E8}.Debug|Win32.ActiveCfg = Debug|Win32
		{E26483F4-B64F-3537-A2D8-37AB649482E8}.Debug|Win32.Build.0 = Debug|Win32
		{E26483F4-B64F-3537-A2D8-37AB649482E8}.Release|Any CPU.ActiveCfg = Release|Win32
		{E26483F4-B64F-3537-A2D8-37AB649482E8}.Release|Mixed Platforms.ActiveCfg = Release|Win32
		{E26483F4-B64F-3537-A2D8-37AB649482E8}.Release|Mixed Platforms.Build.0 = Release|Win32
		{E26483F4-B64F-3537-A2D8-37AB649482E8}.Release|Win32.ActiveCfg = Release|Win32
		{E26483F4-B64F-3537-A2D8-37AB649482E8}.Release|Win32.Build.0 = Release|Win32
		{E26483F4-B64F-3537-A2D8-37AB649482E8}.ReleaseLog|Any CPU.ActiveCfg = Release|Win32
		{E26483F4-B64F-3537-A2D8-37AB649482E8}.ReleaseLog|Mixed Platforms.ActiveCfg = Release|Win32
		{E26483F4-B64F-3537-A2D8-37AB649482E8}.ReleaseLog|Mixed Platforms.Build.0 = Release|Win32
		{E26483F4-B64F-3537-A2D8-37AB649482E8}.ReleaseLog|Win32.ActiveCfg = Release|Win32
		{E26483F4-B64F-3537-A2D8-37AB649482E8}.ReleaseLog|Win32.Build.0 = Release|Win32
		{E26483F4-B64F-3537-A2D8-37AB649482E8}.Template|Any CPU.ActiveCfg = Template|Win32
		{E26483F4-B64F-3537-A2D8-37AB649482E8}.Template|Mixed Platforms.ActiveCfg = Template|Win32
		{E26483F4-B64F-3537-A2D8-37AB649482E8}.Template|Mixed Platforms.Build.0 = Template|Win32
		{E26483F4-B64F-3537-A2D8-37AB649482E8}.Template|Win32.ActiveCfg = Template|Win32
		{E26483F4-B64F-3537-A2D8-37AB649482E8}.Template|Win32.Build.0 = Template|Win32
		{E427DDAE-BE47-C9DD-D1E6-A0C308BFC2B9}.Debug|Any CPU.ActiveCfg = Debug|Win32
		{E427DDAE-BE47-C9DD-D1E6-A0C308BFC2B9}.Debug|Mixed Platforms.ActiveCfg = Debug|Win32
		{E427DDAE-BE47-C9DD-D1E6-A0C308BFC2B9}.Debug|Mixed Platforms.Build.0 = Debug|Win32
		{E427DDAE-BE47-C9DD-D1E6-A0C308BFC2B9}.Debug|Win32.ActiveCfg = Debug|Win32
		{E427DDAE-BE47-C9DD-D1E6-A0C308BFC2B9}.Debug|Win32.Build.0 = Debug|Win32
		{E427DDAE-BE47-C9DD-D1E6-A0C308BFC2B9}.Release|Any CPU.ActiveCfg = Release|Win32
		{E427DDAE-BE47-C9DD-D1E6-A0C308BFC2B9}.Release|Mixed Platforms.ActiveCfg = Release|Win32
		{E427DDAE-BE47-C9DD-D1E6-A0C308BFC2B9}.Release|Mixed Platforms.Build.0 = Release|Win32
		{E427DDAE-BE47-C9DD-D1E6-A0C308BFC2B9}.Release|Win32.ActiveCfg = Release|Win32
		{E427DDAE-BE47-C9DD-D1E6-A0C308BFC2B9}.Release|Win32.Build.0 = Release|Win32
		{E427DDAE-BE47-C9DD-D1E6-A0C308BFC2B9}.ReleaseLog|Any CPU.ActiveCfg = Release|Win32
		{E427DDAE-BE47-C9DD-D1E6-A0C308BFC2B9}.ReleaseLog|Mixed Platforms.ActiveCfg = Release|Win32
		{E427DDAE-BE47-C9DD-D1E6-A0C308BFC2B9}.ReleaseLog|Mixed Platforms.Build.0 = Release|Win32
		{E427DDAE-BE47-C9DD-D1E6-A0C308BFC2B9}.ReleaseLog|Win32.ActiveCfg = Release|Win32
		{E427DDAE-BE47-C9DD-D1E6-A0C308BFC2B9}.ReleaseLog|Win32.Build.0 = Release|Win32
		{E427DDAE-BE47-C9DD-D1E6-A0C308BFC2B9}.Template|Any CPU.ActiveCfg = Template|Win32
		{E427DDAE-BE47-C9DD-D1E6-A0C308BFC2B9}.Template|Mixed Platforms.ActiveCfg = Template|Win32
		{E427DDAE-BE47-C9DD-D1E6-A0C308BFC2B9}.Template|Mixed Platforms.Build.0 = Template|Win32
		{E427DDAE-BE47-C9DD-D1E6-A0C308BFC2B9}.Template|Win32.ActiveCfg = Template|Win32
		{E427DDAE-BE47-C9DD-D1E6-A0C308BFC2B9}.Template|Win32.Build.0 = Template|Win32
		{68DCA7C1-D29F-21D4-80C6-6E79690F6A60}.Debug|Any CPU.ActiveCfg = Debug|Win32
		{68DCA7C1-D29F-21D4-80C6-6E79690F6A60}.Debug|Mixed Platforms.ActiveCfg = Debug|Win32
		{68DCA7C1-D29F-21D4-80C6-6E79690F6A60}.Debug|Mixed Platforms.Build.0 = Debug|Win32
		{68DCA7C1-D29F-21D4-80C6-6E79690F6A60}.Debug|Win32.ActiveCfg = Debug|Win32
		{68DCA7C1-D29F-21D4-80C6-6E79690F6A60}.Debug|Win32.Build.0 = Debug|Win32
		{68DCA7C1-D29F-21D4-80C6-6E79690F6A60}.Release|Any CPU.ActiveCfg = Release|Win32
		{68DCA7C1-D29F-21D4-80C6-6E79690F6A60}.Release|Mixed Platforms.ActiveCfg = Release|Win32
		{68DCA7C1-D29F-21D4-80C6-6E79690F6A60}.Release|Mixed Platforms.Build.0 = Release|Win32
		{68DCA7C1-D29F-21D4-80C6-6E79690F6A60}.Release|Win32.ActiveCfg = Release|Win32
		{68DCA7C1-D29F-21D4-80C6-6E79690F6A60}.Release|Win32.Build.0 = Release|Win32
		{68DCA7C1-D29F-21D4-80C6-6E79690F6A60}.ReleaseLog|Any CPU.ActiveCfg = Release|Win32
		{68DCA7C1-D29F-21D4-80C6-6E79690F6A60}.ReleaseLog|Mixed Platforms.ActiveCfg = Release|Win32
		{68DCA7C1-D29F-21D4-80C6-6E79690F6A60}.ReleaseLog|Mixed Platforms.Build.0 = Release|Win32
		{68DCA7C1-D29F-21D4-80C6-6E79690F6A60}.ReleaseLog|Win32.ActiveCfg = Release|Win32
		{68DCA7C1-D29F-21D4-80C6-6E79690F6A60}.ReleaseLog|Win32.Build.0 = Release|Win32
		{68DCA7C1-D29F-21D4-80C6-6E79690F6A60}.Template|Any CPU.ActiveCfg = Template|Win32
		{68DCA7C1-D29F-21D4-80C6-6E79690F6A60}.Template|Mixed Platforms.ActiveCfg = Template|Win32
		{68DCA7C1-D29F-21D4-80C6-6E79690F6A60}.Template|Mixed Platforms.Build.0 = Template|Win32
		{68DCA7C1-D29F-21D4-80C6-6E79690F6A60}.Template|Win32.ActiveCfg = Template|Win32
		{68DCA7C1-D29F-21D4-80C6-6E79690F6A60}.Template|Win32.Build.0 = Template|Win32
		{4D30C6BF-1967-35BF-B1A4-28E80E7EE450}.Debug|Any CPU.ActiveCfg = Debug|Win32
		{4D30C6BF-1967-35BF-B1A4-28E80E7EE450}.Debug|Mixed Platforms.ActiveCfg = Debug|Win32
		{4D30C6BF-1967-35BF-B1A4-28E80E7EE450}.Debug|Mixed Platforms.Build.0 = Debug|Win32
		{4D30C6BF-1967-35BF-B1A4-28E80E7EE450}.Debug|Win32.ActiveCfg = Debug|Win32
		{4D30C6BF-1967-35BF-B1A4-28E80E7EE450}.Debug|Win32.Build.0 = Debug|Win32
		{4D30C6BF-1967-35BF-B1A4-28E80E7EE450}.Release|Any CPU.ActiveCfg = Release|Win32
		{4D30C6BF-1967-35BF-B1A4-28E80E7EE450}.Release|Mixed Platforms.ActiveCfg = Release|Win32
		{4D30C6BF-1967-35BF-B1A4-28E80E7EE450}.Release|Mixed Platforms.Build.0 = Release|Win32
		{4D30C6BF-1967-35BF-B1A4-28E80E7EE450}.Release|Win32.ActiveCfg = Release|Win32
		{4D30C6BF-1967-35BF-B1A4-28E80E7EE450}.Release|Win32.Build.0 = Release|Win32
		{4D30C6BF-1967-35BF-B1A4-28E80E7EE450}.ReleaseLog|Any CPU.ActiveCfg = Release|Win32
		{4D30C6BF-1967-35BF-B1A4-28E80E7EE450}.ReleaseLog|Mixed Platforms.ActiveCfg = Release|Win32
		{4D30C6BF-1967-35BF-B1A4-28E80E7EE450}.ReleaseLog|Mixed Platforms.Build.0 = Release|Win32
		{4D30C6BF-1967-35BF-B1A4-28E80E7EE450}.ReleaseLog|Win32.ActiveCfg = Release|Win32
		{4D30C6BF-1967-35BF-B1A4-28E80E7EE450}.ReleaseLog|Win32.Build.0 = Release|Win32
		{4D30C6BF-1967-35BF-B1A4-28E80E7EE450}.Template|Any CPU.ActiveCfg = Template|Win32
		{4D30C6BF-1967-35BF-B1A4-28E80E7EE450}.Template|Mixed Platforms.ActiveCfg = Template|Win32
		{4D30C6BF-1967-35BF-B1A4-28E80E7EE450}.Template|Mixed Platforms.Build.0 = Template|Win32
		{4D30C6BF-1967-35BF-B1A4-28E80E7EE450}.Template|Win32.ActiveCfg = Template|Win32
		{4D30C6BF-1967-35BF-B1A4-28E80E7EE450}.Template|Win32.Build.0 = Template|Win32
		{147FBF55-49F2-647E-409F-F00A8220B5E0}.Debug|Any CPU.ActiveCfg = Debug|Win32
		{147FBF55-49F2-647E-409F-F00A8220B5E0}.Debug|Mixed Platforms.ActiveCfg = Debug|Win32
		{147FBF55-49F2-647E-409F-F00A8220B5E0}.Debug|Mixed Platforms.Build.0 = Debug|Win32
		{147FBF55-49F2-647E-409F-F00A8220B5E0}.Debug|Win32.ActiveCfg = Debug|Win32
		{147FBF55-49F2-647E-409F-F00A8220B5E0}.Debug|Win32.Build.0 = Debug|Win32
		{147FBF55-49F2-647E-409F-F00A8220B5E0}.Release|Any CPU.ActiveCfg = Release|Win32
		{147FBF55-49F2-647E-409F-F00A8220B5E0}.Release|Mixed Platforms.ActiveCfg = Release|Win32
		{147FBF55-49F2-647E-409F-F00A8220B5E0}.Release|Mixed Platforms.Build.0 = Release|Win32
		{147FBF55-49F2-647E-409F-F00A8220B5E0}.Release|Win32.ActiveCfg = Release|Win32
		{147FBF55-49F2-647E-409F-F00A8220B5E0}.Release|Win32.Build.0 = Release|Win32
		{147FBF55-49F2-647E-409F-F00A8220B5E0}.ReleaseLog|Any CPU.ActiveCfg = Release|Win32
		{147FBF55-49F2-647E-409F-F00A8220B5E0}.ReleaseLog|Mixed Platforms.ActiveCfg = Release|Win32
		{147FBF55-49F2-647E-409F-F00A8220B5E0}.ReleaseLog|Mixed Platforms.Build.0 = Release|Win32
		{147FBF55-49F2-647E-409F-F00A8220B5E0}.ReleaseLog|Win32.ActiveCfg = Release|Win32
		{147FBF55-49F2-647E-409F-F00A8220B5E0}.ReleaseLog|Win32.Build.0 = Release|Win32
		{147FBF55-49F2-647E-409F-F00A8220B5E0}.Template|Any CPU.ActiveCfg = Template|Win32
		{147FBF55-49F2-647E-409F-F00A8220B5E0}.Template|Mixed Platforms.ActiveCfg = Template|Win32
		{147FBF55-49F2-647E-409F-F00A8220B5E0}.Template|Mixed Platforms.Build.0 = Template|Win32
		{147FBF55-49F2-647E-409F-F00A8220B5E0}.Template|Win32.ActiveCfg = Template|Win32
		{147FBF55-49F2-647E-409F-F00A8220B5E0}.Template|Win32.Build.0 = Template|Win32
		{B5398834-67CB-7FB2-87A4-939F9A1ACA73}.Debug|Any CPU.ActiveCfg = Debug|Win32
		{B5398834-67CB-7FB2-87A4-939F9A1ACA73}.Debug|Mixed Platforms.ActiveCfg = Debug|Win32
		{B5398834-67CB-7FB2-87A4-939F9A1ACA73}.Debug|Mixed Platforms.Build.0 = Debug|Win32
		{B5398834-67CB-7FB2-87A4-939F9A1ACA73}.Debug|Win32.ActiveCfg = Debug|Win32
		{B5398834-67CB-7FB2-87A4-939F9A1ACA73}.Debug|Win32.Build.0 = Debug|Win32
		{B5398834-67CB-7FB2-87A4-939F9A1ACA73}.Release|Any CPU.ActiveCfg = Release|Win32
		{B5398834-67CB-7FB2-87A4-939F9A1ACA73}.Release|Mixed Platforms.ActiveCfg = Release|Win32
		{B5398834-67CB-7FB2-87A4-939F9A1ACA73}.Release|Mixed Platforms.Build.0 = Release|Win32
		{B5398834-67CB-7FB2-87A4-939F9A1ACA73}.Release|Win32.ActiveCfg = Release|Win32
		{B5398834-67CB-7FB2-87A4-939F9A1ACA73}.Release|Win32.Build.0 = Release|Win32
		{B5398834-67CB-7FB2-87A4-939F9A1ACA73}.ReleaseLog|Any CPU.ActiveCfg = Release|Win32
		{B5398834-67CB-7FB2-87A4-939F9A1ACA73}.ReleaseLog|Mixed Platforms.ActiveCfg = Release|Win32
		{B5398834-67CB-7FB2-87A4-939F9A1ACA73}.ReleaseLog|Mixed Platforms.Build.0 = Release|Win32
		{B5398834-67CB-7FB2-87A4-939F9A1ACA73}.ReleaseLog|Win32.ActiveCfg = Release|Win32
		{B5398834-67CB-7FB2-87A4-939F9A1ACA73}.ReleaseLog|Win32.Build.0 = Release|Win32
		{B5398834-67CB-7FB2-87A4-939F9A1ACA73}.Template|Any CPU.ActiveCfg = Template|Win32
		{B5398834-67CB-7FB2-87A4-939F9A1ACA73}.Template|Mixed Platforms.ActiveCfg = Template|Win32
		{B5398834-67CB-7FB2-87A4-939F9A1ACA73}.Template|Mixed Platforms.Build.0 = Template|Win32
		{B5398834-67CB-7FB2-87A4-939F9A1ACA73}.Template|Win32.ActiveCfg = Template|Win32
		{B5398834-67CB-7FB2-87A4-939F9A1ACA73}.Template|Win32.Build.0 = Template|Win32
		{4EF9DD7D-6F9B-16AA-C74E-C5D6573113E5}.Debug|Any CPU.ActiveCfg = Debug|Win32
		{4EF9DD7D-6F9B-16AA-C74E-C5D6573113E5}.Debug|Mixed Platforms.ActiveCfg = Debug|Win32
		{4EF9DD7D-6F9B-16AA-C74E-C5D6573113E5}.Debug|Mixed Platforms.Build.0 = Debug|Win32
		{4EF9DD7D-6F9B-16AA-C74E-C5D6573113E5}.Debug|Win32.ActiveCfg = Debug|Win32
		{4EF9DD7D-6F9B-16AA-C74E-C5D6573113E5}.Debug|Win32.Build.0 = Debug|Win32
		{4EF9DD7D-6F9B-16AA-C74E-C5D6573113E5}.Release|Any CPU.ActiveCfg = Release|Win32
		{4EF9DD7D-6F9B-16AA-C74E-C5D6573113E5}.Release|Mixed Platforms.ActiveCfg = Release|Win32
		{4EF9DD7D-6F9B-16AA-C74E-C5D6573113E5}.Release|Mixed Platforms.Build.0 = Release|Win32
		{4EF9DD7D-6F9B-16AA-C74E-C5D6573113E5}.Release|Win32.ActiveCfg = Release|Win32
		{4EF9DD7D-6F9B-16AA-C74E-C5D6573113E5}.Release|Win32.Build.0 = Release|Win32
		{4EF9DD7D-6F9B-16AA-C74E-C5D6573113E5}.ReleaseLog|Any CPU.ActiveCfg = Release|Win32
		{4EF9DD7D-6F9B-16AA-C74E-C5D6573113E5}.ReleaseLog|Mixed Platforms.ActiveCfg = Release|Win32
		{4EF9DD7D-6F9B-16AA-C74E-C5D6573113E5}.ReleaseLog|Mixed Platforms.Build.0 = Release|Win32
		{4EF9DD7D-6F9B-16AA-C74E-C5D6573113E5}.ReleaseLog|Win32.ActiveCfg = Release|Win32
		{4EF9DD7D-6F9B-16AA-C74E-C5D6573113E5}.ReleaseLog|Win32.Build.0 = Release|Win32
		{4EF9DD7D-6F9B-16AA-C74E-C5D6573113E5}.Template|Any CPU.ActiveCfg = Template|Win32
		{4EF9DD7D-6F9B-16AA-C74E-C5D6573113E5}.Template|Mixed Platforms.ActiveCfg = Template|Win32
		{4EF9DD7D-6F9B-16AA-C74E-C5D6573113E5}.Template|Mixed Platforms.Build.0 = Template|Win32
		{4EF9DD7D-6F9B-16AA-C74E-C5D6573113E5}.Template|Win32.ActiveCfg = Template|Win32
		{4EF9DD7D-6F9B-16AA-C74E-C5D6573113E5}.Template|Win32.Build.0 = Template|Win32
		{847965E2-0592-2088-E430-F14D44FDE0D9}.Debug|Any CPU.ActiveCfg = Debug|Win32
		{847965E2-0592-2088-E430-F14D44FDE0D9}.Debug|Mixed Platforms.ActiveCfg = Debug|Win32
		{847965E2-0592-2088-E430-F14D44FDE0D9}.Debug|Mixed Platforms.Build.0 = Debug|Win32
		{847965E2-0592-2088-E430-F14D44FDE0D9}.Debug|Win32.ActiveCfg = Debug|Win32
		{847965E2-0592-2088-E430-F14D44FDE0D9}.Debug|Win32.Build.0 = Debug|Win32
		{847965E2-0592-2088-E430-F14D44FDE0D9}.Release|Any CPU.ActiveCfg = Release|Win32
		{847965E2-0592-2088-E430-F14D44FDE0D9}.Release|Mixed Platforms.ActiveCfg = Release|Win32
		{847965E2-0592-2088-E430-F14D44FDE0D9}.Release|Mixed Platforms.Build.0 = Release|Win32
		{847965E2-0592-2088-E430-F14D44FDE0D9}.Release|Win32.ActiveCfg = Release|Win32
		{847965E2-0592-2088-E430-F14D44FDE0D9}.Release|Win32.Build.0 = Release|Win32
		{847965E2-0592-2088-E430-F14D44FDE0D9}.ReleaseLog|Any CPU.ActiveCfg = Release|Win32
		{847965E2-0592-2088-E430-F14D44FDE0D9}.ReleaseLog|Mixed Platforms.ActiveCfg = Release|Win32
		{847965E2-0592-2088-E430-F14D44FDE0D9}.ReleaseLog|Mixed Platforms.Build.0 = Release|Win32
		{847965E2-0592-2088-E430-F14D44FDE0D9}.ReleaseLog|Win32.ActiveCfg = Release|Win32
		{847965E2-0592-2088-E430-F14D44FDE0D9}.ReleaseLog|Win32.Build.0 = Release|Win32
		{847965E2-0592-2088-E430-F14D44FDE0D9}.Template|Any CPU.ActiveCfg = Template|Win32
		{847965E2-0592-2088-E430-F14D44FDE0D9}.Template|Mixed Platforms.ActiveCfg = Template|Win32
		{847965E2-0592-2088-E430-F14D44FDE0D9}.Template|Mixed Platforms.Build.0 = Template|Win32
		{847965E2-0592-2088-E430-F14D44FDE0D9}.Template|Win32.ActiveCfg = Template|Win32
		{847965E2-0592-2088-E430-F14D44FDE0D9}.Template|Win32.Build.0 = Template|Win32
		{BEBED7DF-9BDE-EE3E-94FF-4189BBCC9F65}.Debug|Any CPU.ActiveCfg = Debug|Win32
		{BEBED7DF-9BDE-EE3E-94FF-4189BBCC9F65}.Debug|Mixed Platforms.ActiveCfg = Debug|Win32
		{BEBED7DF-9BDE-EE3E-94FF-4189BBCC9F65}.Debug|Mixed Platforms.Build.0 = Debug|Win32
		{BEBED7DF-9BDE-EE3E-94FF-4189BBCC9F65}.Debug|Win32.ActiveCfg = Debug|Win32
		{BEBED7DF-9BDE-EE3E-94FF-4189BBCC9F65}.Debug|Win32.Build.0 = Debug|Win32
		{BEBED7DF-9BDE-EE3E-94FF-4189BBCC9F65}.Release|Any CPU.ActiveCfg = Release|Win32
		{BEBED7DF-9BDE-EE3E-94FF-4189BBCC9F65}.Release|Mixed Platforms.ActiveCfg = Release|Win32
		{BEBED7DF-9BDE-EE3E-94FF-4189BBCC9F65}.Release|Mixed Platforms.Build.0 = Release|Win32
		{BEBED7DF-9BDE-EE3E-94FF-4189BBCC9F65}.Release|Win32.ActiveCfg = Release|Win32
		{BEBED7DF-9BDE-EE3E-94FF-4189BBCC9F65}.Release|Win32.Build.0 = Release|Win32
		{BEBED7DF-9BDE-EE3E-94FF-4189BBCC9F65}.ReleaseLog|Any CPU.ActiveCfg = Release|Win32
		{BEBED7DF-9BDE-EE3E-94FF-4189BBCC9F65}.ReleaseLog|Mixed Platforms.ActiveCfg = Release|Win32
		{BEBED7DF-9BDE-EE3E-94FF-4189BBCC9F65}.ReleaseLog|Mixed Platforms.Build.0 = Release|Win32
		{BEBED7DF-9BDE-EE3E-94FF-4189BBCC9F65}.ReleaseLog|Win32.ActiveCfg = Release|Win32
		{BEBED7DF-9BDE-EE3E-94FF-4189BBCC9F65}.ReleaseLog|Win32.Build.0 = Release|Win32
		{BEBED7DF-9BDE-EE3E-94FF-4189BBCC9F65}.Template|Any CPU.ActiveCfg = Template|Win32
		{BEBED7DF-9BDE-EE3E-94FF-4189BBCC9F65}.Template|Mixed Platforms.ActiveCfg = Template|Win32
		{BEBED7DF-9BDE-EE3E-94FF-4189BBCC9F65}.Template|Mixed Platforms.Build.0 = Template|Win32
		{BEBED7DF-9BDE-EE3E-94FF-4189BBCC9F65}.Template|Win32.ActiveCfg = Template|Win32
		{BEBED7DF-9BDE-EE3E-94FF-4189BBCC9F65}.Template|Win32.Build.0 = Template|Win32
		{4D7855A9-1AF6-1938-0B35-30815A7739E0}.Debug|Any CPU.ActiveCfg = Debug|Win32
		{4D7855A9-1AF6-1938-0B35-30815A7739E0}.Debug|Mixed Platforms.ActiveCfg = Debug|Win32
		{4D7855A9-1AF6-1938-0B35-30815A7739E0}.Debug|Mixed Platforms.Build.0 = Debug|Win32
		{4D7855A9-1AF6-1938-0B35-30815A7739E0}.Debug|Win32.ActiveCfg = Debug|Win32
		{4D7855A9-1AF6-1938-0B35-30815A7739E0}.Debug|Win32.Build.0 = Debug|Win32
		{4D7855A9-1AF6-1938-0B35-30815A7739E0}.Release|Any CPU.ActiveCfg = Release|Win32
		{4D7855A9-1AF6-1938-0B35-30815A7739E0}.Release|Mixed Platforms.ActiveCfg = Release|Win32
		{4D7855A9-1AF6-1938-0B35-30815A7739E0}.Release|Mixed Platforms.Build.0 = Release|Win32
		{4D7855A9-1AF6-1938-0B35-30815A7739E0}.Release|Win32.ActiveCfg = Release|Win32
		{4D7855A9-1AF6-1938-0B35-30815A7739E0}.Release|Win32.Build.0 = Release|Win32
		{4D7855A9-1AF6-1938-0B35-30815A7739E0}.ReleaseLog|Any CPU.ActiveCfg = Release|Win32
		{4D7855A9-1AF6-1938-0B35-30815A7739E0}.ReleaseLog|Mixed Platforms.ActiveCfg = Release|Win32
		{4D7855A9-1AF6-1938-0B35-30815A7739E0}.ReleaseLog|Mixed Platforms.Build.0 = Release|Win32
		{4D7855A9-1AF6-1938-0B35-30815A7739E0}.ReleaseLog|Win32.ActiveCfg = Release|Win32
		{4D7855A9-1AF6-1938-0B35-30815A7739E0}.ReleaseLog|Win32.Build.0 = Release|Win32
		{4D7855A9-1AF6-1938-0B35-30815A7739E0}.Template|Any CPU.ActiveCfg = Template|Win32
		{4D7855A9-1AF6-1938-0B35-30815A7739E0}.Template|Mixed Platforms.ActiveCfg = Template|Win32
		{4D7855A9-1AF6-1938-0B35-30815A7739E0}.Template|Mixed Platforms.Build.0 = Template|Win32
		{4D7855A9-1AF6-1938-0B35-30815A7739E0}.Template|Win32.ActiveCfg = Template|Win32
		{4D7855A9-1AF6-1938-0B35-30815A7739E0}.Template|Win32.Build.0 = Template|Win32
	EndGlobalSection
	GlobalSection(SolutionProperties) = preSolution
		HideSolutionNode = FALSE
	EndGlobalSection
EndGlobal
